// !$*UTF8*$!
{
	archiveVersion = 1;
	classes = {
	};
	objectVersion = 50;
	objects = {

/* Begin PBXBuildFile section */
		7E90CD2C2098F1A500FDCFCA /* AppDelegate.m in Sources */ = {isa = PBXBuildFile; fileRef = 7E90CD2B2098F1A500FDCFCA /* AppDelegate.m */; };
		7E90CD2F2098F1A500FDCFCA /* ViewController.m in Sources */ = {isa = PBXBuildFile; fileRef = 7E90CD2E2098F1A500FDCFCA /* ViewController.m */; };
		7E90CD322098F1A500FDCFCA /* Main.storyboard in Resources */ = {isa = PBXBuildFile; fileRef = 7E90CD302098F1A500FDCFCA /* Main.storyboard */; };
		7E90CD342098F1A600FDCFCA /* Assets.xcassets in Resources */ = {isa = PBXBuildFile; fileRef = 7E90CD332098F1A600FDCFCA /* Assets.xcassets */; };
		7E90CD372098F1A600FDCFCA /* LaunchScreen.storyboard in Resources */ = {isa = PBXBuildFile; fileRef = 7E90CD352098F1A600FDCFCA /* LaunchScreen.storyboard */; };
		7E90CD3A2098F1A600FDCFCA /* main.m in Sources */ = {isa = PBXBuildFile; fileRef = 7E90CD392098F1A600FDCFCA /* main.m */; };
		7E90CD442098F1A600FDCFCA /* RandomPlistTests.m in Sources */ = {isa = PBXBuildFile; fileRef = 7E90CD432098F1A600FDCFCA /* RandomPlistTests.m */; };
		7E90CD4F2098F1A600FDCFCA /* RandomPlistUITests.m in Sources */ = {isa = PBXBuildFile; fileRef = 7E90CD4E2098F1A600FDCFCA /* RandomPlistUITests.m */; };
		7E90CD622098FC4500FDCFCA /* Lists.plist in Resources */ = {isa = PBXBuildFile; fileRef = 7E90CD612098FC4500FDCFCA /* Lists.plist */; };
/* End PBXBuildFile section */

/* Begin PBXContainerItemProxy section */
		7E90CD402098F1A600FDCFCA /* PBXContainerItemProxy */ = {
			isa = PBXContainerItemProxy;
			containerPortal = 7E90CD1F2098F1A500FDCFCA /* Project object */;
			proxyType = 1;
			remoteGlobalIDString = 7E90CD262098F1A500FDCFCA;
			remoteInfo = RandomPlist;
		};
		7E90CD4B2098F1A600FDCFCA /* PBXContainerItemProxy */ = {
			isa = PBXContainerItemProxy;
			containerPortal = 7E90CD1F2098F1A500FDCFCA /* Project object */;
			proxyType = 1;
			remoteGlobalIDString = 7E90CD262098F1A500FDCFCA;
			remoteInfo = RandomPlist;
		};
/* End PBXContainerItemProxy section */

/* Begin PBXFileReference section */
		7E90CD272098F1A500FDCFCA /* RandomPlist.app */ = {isa = PBXFileReference; explicitFileType = wrapper.application; includeInIndex = 0; path = RandomPlist.app; sourceTree = BUILT_PRODUCTS_DIR; };
		7E90CD2A2098F1A500FDCFCA /* AppDelegate.h */ = {isa = PBXFileReference; lastKnownFileType = sourcecode.c.h; path = AppDelegate.h; sourceTree = "<group>"; };
		7E90CD2B2098F1A500FDCFCA /* AppDelegate.m */ = {isa = PBXFileReference; lastKnownFileType = sourcecode.c.objc; path = AppDelegate.m; sourceTree = "<group>"; };
		7E90CD2D2098F1A500FDCFCA /* ViewController.h */ = {isa = PBXFileReference; lastKnownFileType = sourcecode.c.h; path = ViewController.h; sourceTree = "<group>"; };
		7E90CD2E2098F1A500FDCFCA /* ViewController.m */ = {isa = PBXFileReference; lastKnownFileType = sourcecode.c.objc; path = ViewController.m; sourceTree = "<group>"; };
		7E90CD312098F1A500FDCFCA /* Base */ = {isa = PBXFileReference; lastKnownFileType = file.storyboard; name = Base; path = Base.lproj/Main.storyboard; sourceTree = "<group>"; };
		7E90CD332098F1A600FDCFCA /* Assets.xcassets */ = {isa = PBXFileReference; lastKnownFileType = folder.assetcatalog; path = Assets.xcassets; sourceTree = "<group>"; };
		7E90CD362098F1A600FDCFCA /* Base */ = {isa = PBXFileReference; lastKnownFileType = file.storyboard; name = Base; path = Base.lproj/LaunchScreen.storyboard; sourceTree = "<group>"; };
		7E90CD382098F1A600FDCFCA /* Info.plist */ = {isa = PBXFileReference; lastKnownFileType = text.plist.xml; path = Info.plist; sourceTree = "<group>"; };
		7E90CD392098F1A600FDCFCA /* main.m */ = {isa = PBXFileReference; lastKnownFileType = sourcecode.c.objc; path = main.m; sourceTree = "<group>"; };
		7E90CD3F2098F1A600FDCFCA /* RandomPlistTests.xctest */ = {isa = PBXFileReference; explicitFileType = wrapper.cfbundle; includeInIndex = 0; path = RandomPlistTests.xctest; sourceTree = BUILT_PRODUCTS_DIR; };
		7E90CD432098F1A600FDCFCA /* RandomPlistTests.m */ = {isa = PBXFileReference; lastKnownFileType = sourcecode.c.objc; path = RandomPlistTests.m; sourceTree = "<group>"; };
		7E90CD452098F1A600FDCFCA /* Info.plist */ = {isa = PBXFileReference; lastKnownFileType = text.plist.xml; path = Info.plist; sourceTree = "<group>"; };
		7E90CD4A2098F1A600FDCFCA /* RandomPlistUITests.xctest */ = {isa = PBXFileReference; explicitFileType = wrapper.cfbundle; includeInIndex = 0; path = RandomPlistUITests.xctest; sourceTree = BUILT_PRODUCTS_DIR; };
		7E90CD4E2098F1A600FDCFCA /* RandomPlistUITests.m */ = {isa = PBXFileReference; lastKnownFileType = sourcecode.c.objc; path = RandomPlistUITests.m; sourceTree = "<group>"; };
		7E90CD502098F1A600FDCFCA /* Info.plist */ = {isa = PBXFileReference; lastKnownFileType = text.plist.xml; path = Info.plist; sourceTree = "<group>"; };
		7E90CD612098FC4500FDCFCA /* Lists.plist */ = {isa = PBXFileReference; lastKnownFileType = text.plist.xml; path = Lists.plist; sourceTree = "<group>"; };
/* End PBXFileReference section */

/* Begin PBXFrameworksBuildPhase section */
		7E90CD242098F1A500FDCFCA /* Frameworks */ = {
			isa = PBXFrameworksBuildPhase;
			buildActionMask = 2147483647;
			files = (
			);
			runOnlyForDeploymentPostprocessing = 0;
		};
		7E90CD3C2098F1A600FDCFCA /* Frameworks */ = {
			isa = PBXFrameworksBuildPhase;
			buildActionMask = 2147483647;
			files = (
			);
			runOnlyForDeploymentPostprocessing = 0;
		};
		7E90CD472098F1A600FDCFCA /* Frameworks */ = {
			isa = PBXFrameworksBuildPhase;
			buildActionMask = 2147483647;
			files = (
			);
			runOnlyForDeploymentPostprocessing = 0;
		};
/* End PBXFrameworksBuildPhase section */

/* Begin PBXGroup section */
		7E90CD1E2098F1A500FDCFCA = {
			isa = PBXGroup;
			children = (
				7E90CD292098F1A500FDCFCA /* RandomPlist */,
				7E90CD422098F1A600FDCFCA /* RandomPlistTests */,
				7E90CD4D2098F1A600FDCFCA /* RandomPlistUITests */,
				7E90CD282098F1A500FDCFCA /* Products */,
			);
			sourceTree = "<group>";
		};
		7E90CD282098F1A500FDCFCA /* Products */ = {
			isa = PBXGroup;
			children = (
				7E90CD272098F1A500FDCFCA /* RandomPlist.app */,
				7E90CD3F2098F1A600FDCFCA /* RandomPlistTests.xctest */,
				7E90CD4A2098F1A600FDCFCA /* RandomPlistUITests.xctest */,
			);
			name = Products;
			sourceTree = "<group>";
		};
		7E90CD292098F1A500FDCFCA /* RandomPlist */ = {
			isa = PBXGroup;
			children = (
				7E90CD2A2098F1A500FDCFCA /* AppDelegate.h */,
				7E90CD2B2098F1A500FDCFCA /* AppDelegate.m */,
				7E90CD2D2098F1A500FDCFCA /* ViewController.h */,
				7E90CD2E2098F1A500FDCFCA /* ViewController.m */,
				7E90CD302098F1A500FDCFCA /* Main.storyboard */,
				7E90CD332098F1A600FDCFCA /* Assets.xcassets */,
				7E90CD352098F1A600FDCFCA /* LaunchScreen.storyboard */,
				7E90CD382098F1A600FDCFCA /* Info.plist */,
				7E90CD392098F1A600FDCFCA /* main.m */,
				7E90CD612098FC4500FDCFCA /* Lists.plist */,
			);
			path = RandomPlist;
			sourceTree = "<group>";
		};
		7E90CD422098F1A600FDCFCA /* RandomPlistTests */ = {
			isa = PBXGroup;
			children = (
				7E90CD432098F1A600FDCFCA /* RandomPlistTests.m */,
				7E90CD452098F1A600FDCFCA /* Info.plist */,
			);
			path = RandomPlistTests;
			sourceTree = "<group>";
		};
		7E90CD4D2098F1A600FDCFCA /* RandomPlistUITests */ = {
			isa = PBXGroup;
			children = (
				7E90CD4E2098F1A600FDCFCA /* RandomPlistUITests.m */,
				7E90CD502098F1A600FDCFCA /* Info.plist */,
			);
			path = RandomPlistUITests;
			sourceTree = "<group>";
		};
/* End PBXGroup section */

/* Begin PBXNativeTarget section */
		7E90CD262098F1A500FDCFCA /* RandomPlist */ = {
			isa = PBXNativeTarget;
			buildConfigurationList = 7E90CD532098F1A600FDCFCA /* Build configuration list for PBXNativeTarget "RandomPlist" */;
			buildPhases = (
				7E90CD232098F1A500FDCFCA /* Sources */,
				7E90CD242098F1A500FDCFCA /* Frameworks */,
				7E90CD252098F1A500FDCFCA /* Resources */,
			);
			buildRules = (
			);
			dependencies = (
			);
			name = RandomPlist;
			productName = RandomPlist;
			productReference = 7E90CD272098F1A500FDCFCA /* RandomPlist.app */;
			productType = "com.apple.product-type.application";
		};
		7E90CD3E2098F1A600FDCFCA /* RandomPlistTests */ = {
			isa = PBXNativeTarget;
			buildConfigurationList = 7E90CD562098F1A600FDCFCA /* Build configuration list for PBXNativeTarget "RandomPlistTests" */;
			buildPhases = (
				7E90CD3B2098F1A600FDCFCA /* Sources */,
				7E90CD3C2098F1A600FDCFCA /* Frameworks */,
				7E90CD3D2098F1A600FDCFCA /* Resources */,
			);
			buildRules = (
			);
			dependencies = (
				7E90CD412098F1A600FDCFCA /* PBXTargetDependency */,
			);
			name = RandomPlistTests;
			productName = RandomPlistTests;
			productReference = 7E90CD3F2098F1A600FDCFCA /* RandomPlistTests.xctest */;
			productType = "com.apple.product-type.bundle.unit-test";
		};
		7E90CD492098F1A600FDCFCA /* RandomPlistUITests */ = {
			isa = PBXNativeTarget;
			buildConfigurationList = 7E90CD592098F1A600FDCFCA /* Build configuration list for PBXNativeTarget "RandomPlistUITests" */;
			buildPhases = (
				7E90CD462098F1A600FDCFCA /* Sources */,
				7E90CD472098F1A600FDCFCA /* Frameworks */,
				7E90CD482098F1A600FDCFCA /* Resources */,
			);
			buildRules = (
			);
			dependencies = (
				7E90CD4C2098F1A600FDCFCA /* PBXTargetDependency */,
			);
			name = RandomPlistUITests;
			productName = RandomPlistUITests;
			productReference = 7E90CD4A2098F1A600FDCFCA /* RandomPlistUITests.xctest */;
			productType = "com.apple.product-type.bundle.ui-testing";
		};
/* End PBXNativeTarget section */

/* Begin PBXProject section */
		7E90CD1F2098F1A500FDCFCA /* Project object */ = {
			isa = PBXProject;
			attributes = {
				LastUpgradeCheck = 0930;
				ORGANIZATIONNAME = SBT;
				TargetAttributes = {
					7E90CD262098F1A500FDCFCA = {
						CreatedOnToolsVersion = 9.3;
					};
					7E90CD3E2098F1A600FDCFCA = {
						CreatedOnToolsVersion = 9.3;
						TestTargetID = 7E90CD262098F1A500FDCFCA;
					};
					7E90CD492098F1A600FDCFCA = {
						CreatedOnToolsVersion = 9.3;
						TestTargetID = 7E90CD262098F1A500FDCFCA;
					};
				};
			};
			buildConfigurationList = 7E90CD222098F1A500FDCFCA /* Build configuration list for PBXProject "RandomPlist" */;
			compatibilityVersion = "Xcode 9.3";
			developmentRegion = en;
			hasScannedForEncodings = 0;
			knownRegions = (
				en,
				Base,
			);
			mainGroup = 7E90CD1E2098F1A500FDCFCA;
			productRefGroup = 7E90CD282098F1A500FDCFCA /* Products */;
			projectDirPath = "";
			projectRoot = "";
			targets = (
				7E90CD262098F1A500FDCFCA /* RandomPlist */,
				7E90CD3E2098F1A600FDCFCA /* RandomPlistTests */,
				7E90CD492098F1A600FDCFCA /* RandomPlistUITests */,
			);
		};
/* End PBXProject section */

/* Begin PBXResourcesBuildPhase section */
		7E90CD252098F1A500FDCFCA /* Resources */ = {
			isa = PBXResourcesBuildPhase;
			buildActionMask = 2147483647;
			files = (
				7E90CD622098FC4500FDCFCA /* Lists.plist in Resources */,
				7E90CD372098F1A600FDCFCA /* LaunchScreen.storyboard in Resources */,
				7E90CD342098F1A600FDCFCA /* Assets.xcassets in Resources */,
				7E90CD322098F1A500FDCFCA /* Main.storyboard in Resources */,
			);
			runOnlyForDeploymentPostprocessing = 0;
		};
		7E90CD3D2098F1A600FDCFCA /* Resources */ = {
			isa = PBXResourcesBuildPhase;
			buildActionMask = 2147483647;
			files = (
			);
			runOnlyForDeploymentPostprocessing = 0;
		};
		7E90CD482098F1A600FDCFCA /* Resources */ = {
			isa = PBXResourcesBuildPhase;
			buildActionMask = 2147483647;
			files = (
			);
			runOnlyForDeploymentPostprocessing = 0;
		};
/* End PBXResourcesBuildPhase section */

/* Begin PBXSourcesBuildPhase section */
		7E90CD232098F1A500FDCFCA /* Sources */ = {
			isa = PBXSourcesBuildPhase;
			buildActionMask = 2147483647;
			files = (
				7E90CD2F2098F1A500FDCFCA /* ViewController.m in Sources */,
				7E90CD3A2098F1A600FDCFCA /* main.m in Sources */,
				7E90CD2C2098F1A500FDCFCA /* AppDelegate.m in Sources */,
			);
			runOnlyForDeploymentPostprocessing = 0;
		};
		7E90CD3B2098F1A600FDCFCA /* Sources */ = {
			isa = PBXSourcesBuildPhase;
			buildActionMask = 2147483647;
			files = (
				7E90CD442098F1A600FDCFCA /* RandomPlistTests.m in Sources */,
			);
			runOnlyForDeploymentPostprocessing = 0;
		};
		7E90CD462098F1A600FDCFCA /* Sources */ = {
			isa = PBXSourcesBuildPhase;
			buildActionMask = 2147483647;
			files = (
				7E90CD4F2098F1A600FDCFCA /* RandomPlistUITests.m in Sources */,
			);
			runOnlyForDeploymentPostprocessing = 0;
		};
/* End PBXSourcesBuildPhase section */

/* Begin PBXTargetDependency section */
		7E90CD412098F1A600FDCFCA /* PBXTargetDependency */ = {
			isa = PBXTargetDependency;
			target = 7E90CD262098F1A500FDCFCA /* RandomPlist */;
			targetProxy = 7E90CD402098F1A600FDCFCA /* PBXContainerItemProxy */;
		};
		7E90CD4C2098F1A600FDCFCA /* PBXTargetDependency */ = {
			isa = PBXTargetDependency;
			target = 7E90CD262098F1A500FDCFCA /* RandomPlist */;
			targetProxy = 7E90CD4B2098F1A600FDCFCA /* PBXContainerItemProxy */;
		};
/* End PBXTargetDependency section */

/* Begin PBXVariantGroup section */
		7E90CD302098F1A500FDCFCA /* Main.storyboard */ = {
			isa = PBXVariantGroup;
			children = (
				7E90CD312098F1A500FDCFCA /* Base */,
			);
			name = Main.storyboard;
			sourceTree = "<group>";
		};
		7E90CD352098F1A600FDCFCA /* LaunchScreen.storyboard */ = {
			isa = PBXVariantGroup;
			children = (
				7E90CD362098F1A600FDCFCA /* Base */,
			);
			name = LaunchScreen.storyboard;
			sourceTree = "<group>";
		};
/* End PBXVariantGroup section */

/* Begin XCBuildConfiguration section */
		7E90CD512098F1A600FDCFCA /* Debug */ = {
			isa = XCBuildConfiguration;
			buildSettings = {
				ALWAYS_SEARCH_USER_PATHS = NO;
				CLANG_ANALYZER_NONNULL = YES;
				CLANG_ANALYZER_NUMBER_OBJECT_CONVERSION = YES_AGGRESSIVE;
				CLANG_CXX_LANGUAGE_STANDARD = "gnu++14";
				CLANG_CXX_LIBRARY = "libc++";
				CLANG_ENABLE_MODULES = YES;
				CLANG_ENABLE_OBJC_ARC = YES;
				CLANG_ENABLE_OBJC_WEAK = YES;
				CLANG_WARN_BLOCK_CAPTURE_AUTORELEASING = YES;
				CLANG_WARN_BOOL_CONVERSION = YES;
				CLANG_WARN_COMMA = YES;
				CLANG_WARN_CONSTANT_CONVERSION = YES;
				CLANG_WARN_DEPRECATED_OBJC_IMPLEMENTATIONS = YES;
				CLANG_WARN_DIRECT_OBJC_ISA_USAGE = YES_ERROR;
				CLANG_WARN_DOCUMENTATION_COMMENTS = YES;
				CLANG_WARN_EMPTY_BODY = YES;
				CLANG_WARN_ENUM_CONVERSION = YES;
				CLANG_WARN_INFINITE_RECURSION = YES;
				CLANG_WARN_INT_CONVERSION = YES;
				CLANG_WARN_NON_LITERAL_NULL_CONVERSION = YES;
				CLANG_WARN_OBJC_IMPLICIT_RETAIN_SELF = YES;
				CLANG_WARN_OBJC_LITERAL_CONVERSION = YES;
				CLANG_WARN_OBJC_ROOT_CLASS = YES_ERROR;
				CLANG_WARN_RANGE_LOOP_ANALYSIS = YES;
				CLANG_WARN_STRICT_PROTOTYPES = YES;
				CLANG_WARN_SUSPICIOUS_MOVE = YES;
				CLANG_WARN_UNGUARDED_AVAILABILITY = YES_AGGRESSIVE;
				CLANG_WARN_UNREACHABLE_CODE = YES;
				CLANG_WARN__DUPLICATE_METHOD_MATCH = YES;
				CODE_SIGN_IDENTITY = "iPhone Developer";
				COPY_PHASE_STRIP = NO;
				DEBUG_INFORMATION_FORMAT = dwarf;
				ENABLE_STRICT_OBJC_MSGSEND = YES;
				ENABLE_TESTABILITY = YES;
				GCC_C_LANGUAGE_STANDARD = gnu11;
				GCC_DYNAMIC_NO_PIC = NO;
				GCC_NO_COMMON_BLOCKS = YES;
				GCC_OPTIMIZATION_LEVEL = 0;
				GCC_PREPROCESSOR_DEFINITIONS = (
					"DEBUG=1",
					"$(inherited)",
				);
				GCC_WARN_64_TO_32_BIT_CONVERSION = YES;
				GCC_WARN_ABOUT_RETURN_TYPE = YES_ERROR;
				GCC_WARN_UNDECLARED_SELECTOR = YES;
				GCC_WARN_UNINITIALIZED_AUTOS = YES_AGGRESSIVE;
				GCC_WARN_UNUSED_FUNCTION = YES;
				GCC_WARN_UNUSED_VARIABLE = YES;
				IPHONEOS_DEPLOYMENT_TARGET = 11.3;
				MTL_ENABLE_DEBUG_INFO = YES;
				ONLY_ACTIVE_ARCH = YES;
				SDKROOT = iphoneos;
			};
			name = Debug;
		};
		7E90CD522098F1A600FDCFCA /* Release */ = {
			isa = XCBuildConfiguration;
			buildSettings = {
				ALWAYS_SEARCH_USER_PATHS = NO;
				CLANG_ANALYZER_NONNULL = YES;
				CLANG_ANALYZER_NUMBER_OBJECT_CONVERSION = YES_AGGRESSIVE;
				CLANG_CXX_LANGUAGE_STANDARD = "gnu++14";
				CLANG_CXX_LIBRARY = "libc++";
				CLANG_ENABLE_MODULES = YES;
				CLANG_ENABLE_OBJC_ARC = YES;
				CLANG_ENABLE_OBJC_WEAK = YES;
				CLANG_WARN_BLOCK_CAPTURE_AUTORELEASING = YES;
				CLANG_WARN_BOOL_CONVERSION = YES;
				CLANG_WARN_COMMA = YES;
				CLANG_WARN_CONSTANT_CONVERSION = YES;
				CLANG_WARN_DEPRECATED_OBJC_IMPLEMENTATIONS = YES;
				CLANG_WARN_DIRECT_OBJC_ISA_USAGE = YES_ERROR;
				CLANG_WARN_DOCUMENTATION_COMMENTS = YES;
				CLANG_WARN_EMPTY_BODY = YES;
				CLANG_WARN_ENUM_CONVERSION = YES;
				CLANG_WARN_INFINITE_RECURSION = YES;
				CLANG_WARN_INT_CONVERSION = YES;
				CLANG_WARN_NON_LITERAL_NULL_CONVERSION = YES;
				CLANG_WARN_OBJC_IMPLICIT_RETAIN_SELF = YES;
				CLANG_WARN_OBJC_LITERAL_CONVERSION = YES;
				CLANG_WARN_OBJC_ROOT_CLASS = YES_ERROR;
				CLANG_WARN_RANGE_LOOP_ANALYSIS = YES;
				CLANG_WARN_STRICT_PROTOTYPES = YES;
				CLANG_WARN_SUSPICIOUS_MOVE = YES;
				CLANG_WARN_UNGUARDED_AVAILABILITY = YES_AGGRESSIVE;
				CLANG_WARN_UNREACHABLE_CODE = YES;
				CLANG_WARN__DUPLICATE_METHOD_MATCH = YES;
				CODE_SIGN_IDENTITY = "iPhone Developer";
				COPY_PHASE_STRIP = NO;
				DEBUG_INFORMATION_FORMAT = "dwarf-with-dsym";
				ENABLE_NS_ASSERTIONS = NO;
				ENABLE_STRICT_OBJC_MSGSEND = YES;
				GCC_C_LANGUAGE_STANDARD = gnu11;
				GCC_NO_COMMON_BLOCKS = YES;
				GCC_WARN_64_TO_32_BIT_CONVERSION = YES;
				GCC_WARN_ABOUT_RETURN_TYPE = YES_ERROR;
				GCC_WARN_UNDECLARED_SELECTOR = YES;
				GCC_WARN_UNINITIALIZED_AUTOS = YES_AGGRESSIVE;
				GCC_WARN_UNUSED_FUNCTION = YES;
				GCC_WARN_UNUSED_VARIABLE = YES;
				IPHONEOS_DEPLOYMENT_TARGET = 11.3;
				MTL_ENABLE_DEBUG_INFO = NO;
				SDKROOT = iphoneos;
				VALIDATE_PRODUCT = YES;
			};
			name = Release;
		};
		7E90CD542098F1A600FDCFCA /* Debug */ = {
			isa = XCBuildConfiguration;
			buildSettings = {
				ASSETCATALOG_COMPILER_APPICON_NAME = AppIcon;
				CODE_SIGN_STYLE = Automatic;
				DEVELOPMENT_TEAM = ZKNT78S249;
				INFOPLIST_FILE = RandomPlist/Info.plist;
				LD_RUNPATH_SEARCH_PATHS = (
					"$(inherited)",
					"@executable_path/Frameworks",
				);
				PRODUCT_BUNDLE_IDENTIFIER = ru.sberbank.RandomPlist;
				PRODUCT_NAME = "$(TARGET_NAME)";
				TARGETED_DEVICE_FAMILY = "1,2";
			};
			name = Debug;
		};
		7E90CD552098F1A600FDCFCA /* Release */ = {
			isa = XCBuildConfiguration;
			buildSettings = {
				ASSETCATALOG_COMPILER_APPICON_NAME = AppIcon;
				CODE_SIGN_STYLE = Automatic;
				DEVELOPMENT_TEAM = ZKNT78S249;
				INFOPLIST_FILE = RandomPlist/Info.plist;
				LD_RUNPATH_SEARCH_PATHS = (
					"$(inherited)",
					"@executable_path/Frameworks",
				);
				PRODUCT_BUNDLE_IDENTIFIER = ru.sberbank.RandomPlist;
				PRODUCT_NAME = "$(TARGET_NAME)";
				TARGETED_DEVICE_FAMILY = "1,2";
			};
			name = Release;
		};
		7E90CD572098F1A600FDCFCA /* Debug */ = {
			isa = XCBuildConfiguration;
			buildSettings = {
				BUNDLE_LOADER = "$(TEST_HOST)";
				CODE_SIGN_STYLE = Automatic;
				DEVELOPMENT_TEAM = ZKNT78S249;
				INFOPLIST_FILE = RandomPlistTests/Info.plist;
				LD_RUNPATH_SEARCH_PATHS = (
					"$(inherited)",
					"@executable_path/Frameworks",
					"@loader_path/Frameworks",
				);
				PRODUCT_BUNDLE_IDENTIFIER = ru.sberbank.RandomPlistTests;
				PRODUCT_NAME = "$(TARGET_NAME)";
				TARGETED_DEVICE_FAMILY = "1,2";
				TEST_HOST = "$(BUILT_PRODUCTS_DIR)/RandomPlist.app/RandomPlist";
			};
			name = Debug;
		};
		7E90CD582098F1A600FDCFCA /* Release */ = {
			isa = XCBuildConfiguration;
			buildSettings = {
				BUNDLE_LOADER = "$(TEST_HOST)";
				CODE_SIGN_STYLE = Automatic;
				DEVELOPMENT_TEAM = ZKNT78S249;
				INFOPLIST_FILE = RandomPlistTests/Info.plist;
				LD_RUNPATH_SEARCH_PATHS = (
					"$(inherited)",
					"@executable_path/Frameworks",
					"@loader_path/Frameworks",
				);
				PRODUCT_BUNDLE_IDENTIFIER = ru.sberbank.RandomPlistTests;
				PRODUCT_NAME = "$(TARGET_NAME)";
				TARGETED_DEVICE_FAMILY = "1,2";
				TEST_HOST = "$(BUILT_PRODUCTS_DIR)/RandomPlist.app/RandomPlist";
			};
			name = Release;
		};
		7E90CD5A2098F1A600FDCFCA /* Debug */ = {
			isa = XCBuildConfiguration;
			buildSettings = {
				CODE_SIGN_STYLE = Automatic;
				DEVELOPMENT_TEAM = ZKNT78S249;
				INFOPLIST_FILE = RandomPlistUITests/Info.plist;
				LD_RUNPATH_SEARCH_PATHS = (
					"$(inherited)",
					"@executable_path/Frameworks",
					"@loader_path/Frameworks",
				);
				PRODUCT_BUNDLE_IDENTIFIER = ru.sberbank.RandomPlistUITests;
				PRODUCT_NAME = "$(TARGET_NAME)";
				TARGETED_DEVICE_FAMILY = "1,2";
				TEST_TARGET_NAME = RandomPlist;
			};
			name = Debug;
		};
		7E90CD5B2098F1A600FDCFCA /* Release */ = {
			isa = XCBuildConfiguration;
			buildSettings = {
				CODE_SIGN_STYLE = Automatic;
				DEVELOPMENT_TEAM = ZKNT78S249;
				INFOPLIST_FILE = RandomPlistUITests/Info.plist;
				LD_RUNPATH_SEARCH_PATHS = (
					"$(inherited)",
					"@executable_path/Frameworks",
					"@loader_path/Frameworks",
				);
				PRODUCT_BUNDLE_IDENTIFIER = ru.sberbank.RandomPlistUITests;
				PRODUCT_NAME = "$(TARGET_NAME)";
				TARGETED_DEVICE_FAMILY = "1,2";
				TEST_TARGET_NAME = RandomPlist;
			};
			name = Release;
		};
/* End XCBuildConfiguration section */

/* Begin XCConfigurationList section */
		7E90CD222098F1A500FDCFCA /* Build configuration list for PBXProject "RandomPlist" */ = {
			isa = XCConfigurationList;
			buildConfigurations = (
				7E90CD512098F1A600FDCFCA /* Debug */,
				7E90CD522098F1A600FDCFCA /* Release */,
			);
			defaultConfigurationIsVisible = 0;
			defaultConfigurationName = Release;
		};
		7E90CD532098F1A600FDCFCA /* Build configuration list for PBXNativeTarget "RandomPlist" */ = {
			isa = XCConfigurationList;
			buildConfigurations = (
				7E90CD542098F1A600FDCFCA /* Debug */,
				7E90CD552098F1A600FDCFCA /* Release */,
			);
			defaultConfigurationIsVisible = 0;
			defaultConfigurationName = Release;
		};
		7E90CD562098F1A600FDCFCA /* Build configuration list for PBXNativeTarget "RandomPlistTests" */ = {
			isa = XCConfigurationList;
			buildConfigurations = (
				7E90CD572098F1A600FDCFCA /* Debug */,
				7E90CD582098F1A600FDCFCA /* Release */,
			);
			defaultConfigurationIsVisible = 0;
			defaultConfigurationName = Release;
		};
		7E90CD592098F1A600FDCFCA /* Build configuration list for PBXNativeTarget "RandomPlistUITests" */ = {
			isa = XCConfigurationList;
			buildConfigurations = (
				7E90CD5A2098F1A600FDCFCA /* Debug */,
				7E90CD5B2098F1A600FDCFCA /* Release */,
			);
			defaultConfigurationIsVisible = 0;
			defaultConfigurationName = Release;
		};
/* End XCConfigurationList section */
	};
	rootObject = 7E90CD1F2098F1A500FDCFCA /* Project object */;
}
